
Microsoft Visual Studio Solution File, Format Version 12.00
# Visual Studio Version 17
VisualStudioVersion = 17.11.35312.102
MinimumVisualStudioVersion = 10.0.40219.1
Project("{FAE04EC0-301F-11D3-BF4B-00C04F79EFBC}") = "Concat", "Concat.csproj", "{D8CFC023-2DFB-417B-952A-B9814BD7D63E}"
EndProject
Global
	GlobalSection(SolutionConfigurationPlatforms) = preSolution
		Debug|Any CPU = Debug|Any CPU
		Release|Any CPU = Release|Any CPU
	EndGlobalSection
	GlobalSection(ProjectConfigurationPlatforms) = postSolution
		{D8CFC023-2DFB-417B-952A-B9814BD7D63E}.Debug|Any CPU.ActiveCfg = Debug|Any CPU
		{D8CFC023-2DFB-417B-952A-B9814BD7D63E}.Debug|Any CPU.Build.0 = Debug|Any CPU
		{D8CFC023-2DFB-417B-952A-B9814BD7D63E}.Release|Any CPU.ActiveCfg = Release|Any CPU
		{D8CFC023-2DFB-417B-952A-B9814BD7D63E}.Release|Any CPU.Build.0 = Release|Any CPU
	EndGlobalSection
	GlobalSection(SolutionProperties) = preSolution
		HideSolutionNode = FALSE
	EndGlobalSection
	GlobalSection(ExtensibilityGlobals) = postSolution
		SolutionGuid = {0C448AFC-06B7-4745-8199-DB4A573A7AB9}
	EndGlobalSection
EndGlobal
